{
  "version": 4,
  "terraform_version": "1.0.0",
  "serial": 8,
  "lineage": "bb60091e-faed-abec-bd86-b19cdbbd459c",
  "outputs": {},
  "resources": [
    {
      "module": "module.add_vinayakgajjewar",
      "mode": "managed",
      "type": "github_membership",
      "name": "membership_for_some_user",
      "provider": "module.add_vinayakgajjewar.provider[\"registry.terraform.io/integrations/github\"]",
      "instances": [
        {
          "schema_version": 0,
          "attributes": {
            "etag": "W/\"e8a0eea69af3213e626bda7127778951ebc3197d328c1c8a2ee6206e72309450\"",
            "id": "jay-feng-org:vinayakgajjewar",
            "role": "member",
            "username": "vinayakgajjewar"
          },
          "sensitive_attributes": [],
          "private": "bnVsbA=="
        }
      ]
    },
    {
      "module": "module.make_repo_0",
      "mode": "managed",
      "type": "github_repository",
      "name": "some_repo",
      "provider": "module.make_repo_0.provider[\"registry.terraform.io/integrations/github\"]",
      "instances": [
        {
          "schema_version": 0,
          "attributes": {
            "allow_merge_commit": true,
            "allow_rebase_merge": true,
            "allow_squash_merge": true,
            "archive_on_destroy": null,
            "archived": false,
            "auto_init": false,
            "default_branch": "main",
            "delete_branch_on_merge": false,
            "description": "to be imported",
            "etag": "W/\"65cb5a78d197dabcc58600a97f082ef3eb45daa8a1061f1f69aeb53161c53e95\"",
            "full_name": "jay-feng-org/repo_0",
            "git_clone_url": "git://github.com/jay-feng-org/repo_0.git",
            "gitignore_template": null,
            "has_downloads": true,
            "has_issues": true,
            "has_projects": true,
            "has_wiki": true,
            "homepage_url": "",
            "html_url": "https://github.com/jay-feng-org/repo_0",
            "http_clone_url": "https://github.com/jay-feng-org/repo_0.git",
            "id": "repo_0",
            "is_template": false,
            "license_template": null,
            "name": "repo_0",
            "node_id": "MDEwOlJlcG9zaXRvcnkzOTEyMDAxMTk=",
            "pages": [],
            "private": false,
            "repo_id": 391200119,
            "ssh_clone_url": "git@github.com:jay-feng-org/repo_0.git",
            "svn_url": "https://github.com/jay-feng-org/repo_0",
            "template": [],
            "topics": [],
            "visibility": "public",
            "vulnerability_alerts": false
          },
          "sensitive_attributes": [],
          "private": "eyJzY2hlbWFfdmVyc2lvbiI6IjAifQ=="
        }
      ]
    },
    {
      "module": "module.make_team_1",
      "mode": "managed",
      "type": "github_team",
      "name": "some_team",
      "provider": "module.make_team_1.provider[\"registry.terraform.io/integrations/github\"]",
      "instances": [
        {
          "schema_version": 0,
          "attributes": {
            "create_default_maintainer": false,
            "description": "terraform test team called team_1",
            "etag": "W/\"c3598d9eb613c8e9767c52b87127e0fc598ba0d12053f60216589d2b34eaf6bf\"",
            "id": "5003869",
            "ldap_dn": "",
            "members_count": 0,
            "name": "team_1",
            "node_id": "T_kwDOBTQpH84ATFpd",
            "parent_team_id": null,
            "privacy": "secret",
            "slug": "team_1"
          },
          "sensitive_attributes": [],
          "private": "bnVsbA=="
        }
      ]
    },
    {
      "module": "module.make_team_1",
      "mode": "managed",
      "type": "github_team_membership",
      "name": "team_member",
      "provider": "module.make_team_1.provider[\"registry.terraform.io/integrations/github\"]",
      "instances": [
        {
          "index_key": "jay-feng",
          "schema_version": 0,
          "attributes": {
            "etag": "W/\"cab62bb09a8eea81a99e191f1db584beff8a5a734ed5985c622e2cdcd86b7c6f\"",
            "id": "5003869:jay-feng",
            "role": "member",
            "team_id": "5003869",
            "username": "jay-feng"
          },
          "sensitive_attributes": [],
          "private": "bnVsbA==",
          "dependencies": [
            "module.make_team_1.github_team.some_team"
          ]
        },
        {
          "index_key": "jay-feng-ge",
          "schema_version": 0,
          "attributes": {
            "etag": "W/\"0f64395aa1df155ea6a7a23439c61a567ff433b4600ba2ea7877f355a53864aa\"",
            "id": "5003869:jay-feng-ge",
            "role": "maintainer",
            "team_id": "5003869",
            "username": "jay-feng-ge"
          },
          "sensitive_attributes": [],
          "private": "bnVsbA==",
          "dependencies": [
            "module.make_team_1.github_team.some_team"
          ]
        }
      ]
    },
    {
      "module": "module.make_team_2",
      "mode": "managed",
      "type": "github_team",
      "name": "some_team",
      "provider": "module.make_team_2.provider[\"registry.terraform.io/integrations/github\"]",
      "instances": [
        {
          "schema_version": 0,
          "attributes": {
            "create_default_maintainer": false,
            "description": "terraform test team called team_2",
            "etag": "W/\"6b2d7eccb31396db5b728475dff031d3a14aeb91ab28426f13f4051079878381\"",
            "id": "5003870",
            "ldap_dn": "",
            "members_count": 0,
            "name": "team_2",
            "node_id": "T_kwDOBTQpH84ATFpe",
            "parent_team_id": null,
            "privacy": "secret",
            "slug": "team_2"
          },
          "sensitive_attributes": [],
          "private": "bnVsbA=="
        }
      ]
    },
    {
      "module": "module.make_team_2",
      "mode": "managed",
      "type": "github_team_membership",
      "name": "team_member",
      "provider": "module.make_team_2.provider[\"registry.terraform.io/integrations/github\"]",
      "instances": [
        {
          "index_key": "jay-feng",
          "schema_version": 0,
          "attributes": {
            "etag": "W/\"bd38ff591be81a24a1ca3300b66efc5505c1f5709ff151afe58bb7d97af0abe9\"",
            "id": "5003870:jay-feng",
            "role": "member",
            "team_id": "5003870",
            "username": "jay-feng"
          },
          "sensitive_attributes": [],
          "private": "bnVsbA==",
          "dependencies": [
            "module.make_team_2.github_team.some_team"
          ]
        }
      ]
    }
  ]
}
