{
  "version": 4,
  "terraform_version": "1.0.0",
  "serial": 54,
  "lineage": "50323007-1717-ab2c-a17c-21ec96c8f70a",
  "outputs": {},
  "resources": [
    {
      "mode": "managed",
      "type": "github_branch_protection",
      "name": "test_branch_protection",
      "provider": "provider[\"registry.terraform.io/integrations/github\"]",
      "instances": [
        {
          "schema_version": 1,
          "attributes": {
            "allows_deletions": false,
            "allows_force_pushes": false,
            "enforce_admins": true,
            "id": "MDIwOkJyYW5jaFByb3RlY3Rpb25SdWxlMjE1MTM2MzA=",
            "pattern": "master",
            "push_restrictions": null,
            "repository_id": "test_repo_3",
            "require_signed_commits": false,
            "required_pull_request_reviews": [
              {
                "dismiss_stale_reviews": false,
                "dismissal_restrictions": null,
                "require_code_owner_reviews": false,
                "required_approving_review_count": 1
              }
            ],
            "required_status_checks": []
          },
          "sensitive_attributes": [],
          "private": "eyJzY2hlbWFfdmVyc2lvbiI6IjEifQ=="
        }
      ]
    },
    {
      "module": "module.add_jay",
      "mode": "managed",
      "type": "github_membership",
      "name": "membership_for_some_user",
      "provider": "module.add_jay.provider[\"registry.terraform.io/integrations/github\"]",
      "instances": [
        {
          "schema_version": 0,
          "attributes": {
            "etag": "W/\"52127d0eff85a6e7a2d8d7752b3024a5c3dddff03abde23273164a2d6a9b3a52\"",
            "id": "jay-feng-org:jay-feng",
            "role": "member",
            "username": "jay-feng"
          },
          "sensitive_attributes": [],
          "private": "bnVsbA=="
        }
      ]
    },
    {
      "module": "module.add_vinayakgajjewar",
      "mode": "managed",
      "type": "github_membership",
      "name": "membership_for_some_user",
      "provider": "module.add_vinayakgajjewar.provider[\"registry.terraform.io/integrations/github\"]",
      "instances": [
        {
          "schema_version": 0,
          "attributes": {
            "etag": "W/\"d8986b6da670f898fc646003bf8b7d379a15295e4dfd6715cd17fab15f959041\"",
            "id": "jay-feng-org:vinayakgajjewar",
            "role": "member",
            "username": "vinayakgajjewar"
          },
          "sensitive_attributes": [],
          "private": "eyJzY2hlbWFfdmVyc2lvbiI6IjAifQ=="
        }
      ]
    },
    {
      "module": "module.make_team_1",
      "mode": "managed",
      "type": "github_team",
      "name": "some_team",
      "provider": "module.make_team_1.provider[\"registry.terraform.io/integrations/github\"]",
      "instances": [
        {
          "schema_version": 0,
          "attributes": {
            "create_default_maintainer": false,
            "description": "terraform test team called team_1",
            "etag": "W/\"b48c1d57f9c9ef3458b72e8d3b358cab3afc9d47985d6e659045339311719181\"",
            "id": "4955745",
            "ldap_dn": "",
            "members_count": 2,
            "name": "team_1",
            "node_id": "T_kwDOBTQpH84AS55h",
            "parent_team_id": null,
            "privacy": "secret",
            "slug": "team_1"
          },
          "sensitive_attributes": [],
          "private": "bnVsbA=="
        }
      ]
    },
    {
      "module": "module.make_team_1",
      "mode": "managed",
      "type": "github_team_membership",
      "name": "team_member",
      "provider": "module.make_team_1.provider[\"registry.terraform.io/integrations/github\"]",
      "instances": [
        {
          "index_key": "jay-feng",
          "schema_version": 0,
          "attributes": {
            "etag": "W/\"1655271b1dc4eeb9942ae885c0749ccac8ba2a97b0b0aa642aec3974deb30041\"",
            "id": "4955745:jay-feng",
            "role": "member",
            "team_id": "4955745",
            "username": "jay-feng"
          },
          "sensitive_attributes": [],
          "private": "bnVsbA==",
          "dependencies": [
            "module.make_team_1.github_team.some_team"
          ]
        },
        {
          "index_key": "jay-feng-ge",
          "schema_version": 0,
          "attributes": {
            "etag": "W/\"0e22c795d0e5dac1a9a40a5914fd75d56a9491c6fb1d17a56a6fa94e86c5a29b\"",
            "id": "4955745:jay-feng-ge",
            "role": "member",
            "team_id": "4955745",
            "username": "jay-feng-ge"
          },
          "sensitive_attributes": [],
          "private": "bnVsbA==",
          "dependencies": [
            "module.make_team_1.github_team.some_team"
          ]
        }
      ]
    },
    {
      "module": "module.make_team_1_test_repo",
      "mode": "managed",
      "type": "github_repository",
      "name": "some_repo",
      "provider": "module.make_team_1_test_repo.provider[\"registry.terraform.io/integrations/github\"]",
      "instances": [
        {
          "schema_version": 0,
          "attributes": {
            "allow_merge_commit": true,
            "allow_rebase_merge": true,
            "allow_squash_merge": true,
            "archive_on_destroy": null,
            "archived": false,
            "auto_init": true,
            "default_branch": "master",
            "delete_branch_on_merge": false,
            "description": "null",
            "etag": "W/\"5fb04b8c48072ab033e8923da229ae688629e9b3047ebe5bedc9673529ecda6b\"",
            "full_name": "jay-feng-org/team_1_test_repo",
            "git_clone_url": "git://github.com/jay-feng-org/team_1_test_repo.git",
            "gitignore_template": null,
            "has_downloads": false,
            "has_issues": false,
            "has_projects": false,
            "has_wiki": false,
            "homepage_url": "",
            "html_url": "https://github.com/jay-feng-org/team_1_test_repo",
            "http_clone_url": "https://github.com/jay-feng-org/team_1_test_repo.git",
            "id": "team_1_test_repo",
            "is_template": false,
            "license_template": null,
            "name": "team_1_test_repo",
            "node_id": "MDEwOlJlcG9zaXRvcnkzODUxODM5MDg=",
            "pages": [],
            "private": false,
            "repo_id": 385183908,
            "ssh_clone_url": "git@github.com:jay-feng-org/team_1_test_repo.git",
            "svn_url": "https://github.com/jay-feng-org/team_1_test_repo",
            "template": [],
            "topics": [],
            "visibility": "public",
            "vulnerability_alerts": false
          },
          "sensitive_attributes": [],
          "private": "bnVsbA=="
        }
      ]
    },
    {
      "module": "module.make_team_1_test_repo",
      "mode": "managed",
      "type": "github_repository_collaborator",
      "name": "some_users",
      "provider": "module.make_team_1_test_repo.provider[\"registry.terraform.io/integrations/github\"]",
      "instances": [
        {
          "index_key": "jay-feng-ge",
          "schema_version": 0,
          "attributes": {
            "id": "team_1_test_repo:jay-feng-ge",
            "invitation_id": null,
            "permission": "admin",
            "permission_diff_suppression": false,
            "repository": "team_1_test_repo",
            "username": "jay-feng-ge"
          },
          "sensitive_attributes": [],
          "private": "bnVsbA==",
          "dependencies": [
            "module.make_team_1_test_repo.github_repository.some_repo"
          ]
        }
      ]
    },
    {
      "module": "module.make_team_1_test_repo",
      "mode": "managed",
      "type": "github_team_repository",
      "name": "some_teams",
      "provider": "module.make_team_1_test_repo.provider[\"registry.terraform.io/integrations/github\"]",
      "instances": [
        {
          "index_key": "team_1",
          "schema_version": 0,
          "attributes": {
            "etag": "W/\"d3bd8eb32823d61b681af06934a9d97c0f6e508e7cbd181f00641a69193d7a82\"",
            "id": "4955745:team_1_test_repo",
            "permission": "pull",
            "repository": "team_1_test_repo",
            "team_id": "team_1"
          },
          "sensitive_attributes": [],
          "private": "bnVsbA==",
          "dependencies": [
            "module.make_team_1_test_repo.github_repository.some_repo"
          ]
        }
      ]
    },
    {
      "module": "module.make_team_2",
      "mode": "managed",
      "type": "github_team",
      "name": "some_team",
      "provider": "module.make_team_2.provider[\"registry.terraform.io/integrations/github\"]",
      "instances": [
        {
          "schema_version": 0,
          "attributes": {
            "create_default_maintainer": null,
            "description": "terraform import test team",
            "etag": "W/\"9c9ad6570c96727257c1f4b1c7c05900c76cafcc43f75eb33f098a9407146ff1\"",
            "id": "4955859",
            "ldap_dn": "",
            "members_count": 2,
            "name": "team_2_manual",
            "node_id": "T_kwDOBTQpH84AS57T",
            "parent_team_id": null,
            "privacy": "secret",
            "slug": "team_2_manual"
          },
          "sensitive_attributes": [],
          "private": "eyJzY2hlbWFfdmVyc2lvbiI6IjAifQ=="
        }
      ]
    },
    {
      "module": "module.make_team_2",
      "mode": "managed",
      "type": "github_team_membership",
      "name": "team_member",
      "provider": "module.make_team_2.provider[\"registry.terraform.io/integrations/github\"]",
      "instances": [
        {
          "index_key": "jay-feng",
          "schema_version": 0,
          "attributes": {
            "etag": "W/\"6dc4ea3325511378b0c8c2c29d4d56c97833c171dd911234659043f3d9a694f9\"",
            "id": "4955859:jay-feng",
            "role": "member",
            "team_id": "4955859",
            "username": "jay-feng"
          },
          "sensitive_attributes": [],
          "private": "bnVsbA==",
          "dependencies": [
            "module.make_team_2.github_team.some_team"
          ]
        },
        {
          "index_key": "jay-feng-ge",
          "schema_version": 0,
          "attributes": {
            "etag": "W/\"110950092b1de4b97a083a88a00bc4f8e70f9ab3545d17d5e6e697b4e8ecbd94\"",
            "id": "4955859:jay-feng-ge",
            "role": "member",
            "team_id": "4955859",
            "username": "jay-feng-ge"
          },
          "sensitive_attributes": [],
          "private": "bnVsbA==",
          "dependencies": [
            "module.make_team_2.github_team.some_team"
          ]
        }
      ]
    },
    {
      "module": "module.make_test_repo_3",
      "mode": "managed",
      "type": "github_repository",
      "name": "some_repo",
      "provider": "module.make_test_repo_3.provider[\"registry.terraform.io/integrations/github\"]",
      "instances": [
        {
          "schema_version": 0,
          "attributes": {
            "allow_merge_commit": false,
            "allow_rebase_merge": true,
            "allow_squash_merge": true,
            "archive_on_destroy": null,
            "archived": false,
            "auto_init": true,
            "default_branch": "main",
            "delete_branch_on_merge": false,
            "description": "testing edited terraform repo module",
            "etag": "W/\"ecd6e9a758e4ae71f6d64ef12736db25dfc6cebb387d2e63f3be126d48e27058\"",
            "full_name": "jay-feng-org/test_repo_3",
            "git_clone_url": "git://github.com/jay-feng-org/test_repo_3.git",
            "gitignore_template": null,
            "has_downloads": false,
            "has_issues": false,
            "has_projects": false,
            "has_wiki": false,
            "homepage_url": "",
            "html_url": "https://github.com/jay-feng-org/test_repo_3",
            "http_clone_url": "https://github.com/jay-feng-org/test_repo_3.git",
            "id": "test_repo_3",
            "is_template": false,
            "license_template": null,
            "name": "test_repo_3",
            "node_id": "MDEwOlJlcG9zaXRvcnkzODU1NDc4ODQ=",
            "pages": [],
            "private": false,
            "repo_id": 385547884,
            "ssh_clone_url": "git@github.com:jay-feng-org/test_repo_3.git",
            "svn_url": "https://github.com/jay-feng-org/test_repo_3",
            "template": [],
            "topics": [],
            "visibility": "public",
            "vulnerability_alerts": false
          },
          "sensitive_attributes": [],
          "private": "bnVsbA=="
        }
      ]
    },
    {
      "module": "module.make_test_repo_3",
      "mode": "managed",
      "type": "github_repository_collaborator",
      "name": "some_users",
      "provider": "module.make_test_repo_3.provider[\"registry.terraform.io/integrations/github\"]",
      "instances": [
        {
          "index_key": "vinayakgajjewar",
          "schema_version": 0,
          "attributes": {
            "id": "test_repo_3:vinayakgajjewar",
            "invitation_id": null,
            "permission": "pull",
            "permission_diff_suppression": false,
            "repository": "test_repo_3",
            "username": "vinayakgajjewar"
          },
          "sensitive_attributes": [],
          "private": "bnVsbA==",
          "dependencies": [
            "module.make_test_repo_3.github_repository.some_repo"
          ]
        }
      ]
    },
    {
      "module": "module.make_test_repo_3",
      "mode": "managed",
      "type": "github_team_repository",
      "name": "some_teams",
      "provider": "module.make_test_repo_3.provider[\"registry.terraform.io/integrations/github\"]",
      "instances": [
        {
          "index_key": "team_1",
          "schema_version": 0,
          "attributes": {
            "etag": "W/\"6c94e5788bf9faf1d64d2f0bb0cf1e9c5fa5982889f7cb0a9441acec6822c183\"",
            "id": "4955745:test_repo_3",
            "permission": "push",
            "repository": "test_repo_3",
            "team_id": "team_1"
          },
          "sensitive_attributes": [],
          "private": "bnVsbA==",
          "dependencies": [
            "module.make_test_repo_3.github_repository.some_repo"
          ]
        },
        {
          "index_key": "team_2_manual",
          "schema_version": 0,
          "attributes": {
            "etag": "W/\"690caada57bfa39404c2d9713d020d91813fc7dba14bbcc5ebc5dee40760da55\"",
            "id": "4955859:test_repo_3",
            "permission": "pull",
            "repository": "test_repo_3",
            "team_id": "team_2_manual"
          },
          "sensitive_attributes": [],
          "private": "bnVsbA==",
          "dependencies": [
            "module.make_test_repo_3.github_repository.some_repo"
          ]
        }
      ]
    }
  ]
}
